{
    "_readme": [
        "This file locks the dependencies of your project to a known state",
        "Read more about it at https://getcomposer.org/doc/01-basic-usage.md#installing-dependencies",
        "This file is @generated automatically"
    ],
    "content-hash": "07f80a6761a30f30938e5776ee3d698c",
    "packages": [
        {
            "name": "neoan3-apps/ops",
            "version": "1.0.1",
            "source": {
                "type": "git",
                "url": "https://github.com/sroehrl/neoan3-ops.git",
                "reference": "1480353f455f9ea3398f71f6148ea15d9f3e2eac"
            },
            "dist": {
                "type": "zip",
                "url": "https://api.github.com/repos/sroehrl/neoan3-ops/zipball/1480353f455f9ea3398f71f6148ea15d9f3e2eac",
                "reference": "1480353f455f9ea3398f71f6148ea15d9f3e2eac",
                "shasum": ""
            },
            "require": {
                "ext-dom": "*",
                "ext-json": "*",
                "ext-mbstring": "*",
                "ext-openssl": "*"
            },
            "require-dev": {
                "phpunit/phpunit": "^8.3"
            },
            "type": "library",
            "autoload": {
                "psr-4": {
                    "Neoan3\\Apps\\": "./"
                }
            },
            "notification-url": "https://packagist.org/downloads/",
            "license": [
                "MIT"
            ],
            "description": "neoan3 common string operations helper class",
            "time": "2019-09-26T23:45:13+00:00"
        }
    ],
    "packages-dev": [],
    "aliases": [],
    "minimum-stability": "stable",
    "stability-flags": [],
    "prefer-stable": false,
    "prefer-lowest": false,
    "platform": [],
    "platform-dev": []
}
